
Microsoft Visual Studio Solution File, Format Version 12.00
# Visual Studio Version 17
VisualStudioVersion = 17.9.34622.214
MinimumVisualStudioVersion = 10.0.40219.1
Project("{FAE04EC0-301F-11D3-BF4B-00C04F79EFBC}") = "Array", "Array\Array.csproj", "{CF16AFAA-65A5-4347-995C-781AA9DCD818}"
EndProject
Global
	GlobalSection(SolutionConfigurationPlatforms) = preSolution
		Debug|Any CPU = Debug|Any CPU
		Release|Any CPU = Release|Any CPU
	EndGlobalSection
	GlobalSection(ProjectConfigurationPlatforms) = postSolution
		{CF16AFAA-65A5-4347-995C-781AA9DCD818}.Debug|Any CPU.ActiveCfg = Debug|Any CPU
		{CF16AFAA-65A5-4347-995C-781AA9DCD818}.Debug|Any CPU.Build.0 = Debug|Any CPU
		{CF16AFAA-65A5-4347-995C-781AA9DCD818}.Release|Any CPU.ActiveCfg = Release|Any CPU
		{CF16AFAA-65A5-4347-995C-781AA9DCD818}.Release|Any CPU.Build.0 = Release|Any CPU
	EndGlobalSection
	GlobalSection(SolutionProperties) = preSolution
		HideSolutionNode = FALSE
	EndGlobalSection
	GlobalSection(ExtensibilityGlobals) = postSolution
		SolutionGuid = {B88DC07F-7ECD-4ADD-98D0-928CA7598031}
	EndGlobalSection
EndGlobal
